
Microsoft Visual Studio Solution File, Format Version 12.00
# Visual Studio 15
VisualStudioVersion = 15.0.27428.2043
MinimumVisualStudioVersion = 10.0.40219.1
Project("{FAE04EC0-301F-11D3-BF4B-00C04F79EFBC}") = "Models", "Models\Models.csproj", "{0DE55B48-6B42-4798-822A-0593252BE01C}"
EndProject
Global
	GlobalSection(SolutionConfigurationPlatforms) = preSolution
		Debug|Any CPU = Debug|Any CPU
		Release|Any CPU = Release|Any CPU
	EndGlobalSection
	GlobalSection(ProjectConfigurationPlatforms) = postSolution
		{0DE55B48-6B42-4798-822A-0593252BE01C}.Debug|Any CPU.ActiveCfg = Debug|Any CPU
		{0DE55B48-6B42-4798-822A-0593252BE01C}.Debug|Any CPU.Build.0 = Debug|Any CPU
		{0DE55B48-6B42-4798-822A-0593252BE01C}.Release|Any CPU.ActiveCfg = Release|Any CPU
		{0DE55B48-6B42-4798-822A-0593252BE01C}.Release|Any CPU.Build.0 = Release|Any CPU
	EndGlobalSection
	GlobalSection(SolutionProperties) = preSolution
		HideSolutionNode = FALSE
	EndGlobalSection
	GlobalSection(ExtensibilityGlobals) = postSolution
		SolutionGuid = {BCFC04B5-1BDB-47E7-A5AE-A8A86EFA4B63}
	EndGlobalSection
EndGlobal
