
Microsoft Visual Studio Solution File, Format Version 12.00
# Visual Studio 15
VisualStudioVersion = 15.0.27428.2043
MinimumVisualStudioVersion = 10.0.40219.1
Project("{9A19103F-16F7-4668-BE54-9A1E7A4F7556}") = "Models", "Models\Models.csproj", "{0DE55B48-6B42-4798-822A-0593252BE01C}"
EndProject
Project("{9A19103F-16F7-4668-BE54-9A1E7A4F7556}") = "Core", "Core\Core.csproj", "{32C3CA1C-D58F-41A5-853D-5EF11A07AC82}"
EndProject
Project("{9A19103F-16F7-4668-BE54-9A1E7A4F7556}") = "DAL", "DAL\DAL.csproj", "{F63D47B8-9F7F-4E2C-817F-2EC6C3458A15}"
EndProject
Project("{9A19103F-16F7-4668-BE54-9A1E7A4F7556}") = "Repositories", "Repositories\Repositories.csproj", "{DEE411D4-FE9F-40B9-851D-C54EEF8A736E}"
EndProject
Project("{9A19103F-16F7-4668-BE54-9A1E7A4F7556}") = "UseCases", "UseCases\UseCases.csproj", "{F608EC51-7F68-4DD6-9705-9FC85C004FC3}"
EndProject
Project("{FAE04EC0-301F-11D3-BF4B-00C04F79EFBC}") = "Controllers", "Controllers\Controllers.csproj", "{C69732E9-236A-4C76-ABF1-664E8FD96D61}"
EndProject
Global
	GlobalSection(SolutionConfigurationPlatforms) = preSolution
		Debug|Any CPU = Debug|Any CPU
		Release|Any CPU = Release|Any CPU
	EndGlobalSection
	GlobalSection(ProjectConfigurationPlatforms) = postSolution
		{0DE55B48-6B42-4798-822A-0593252BE01C}.Debug|Any CPU.ActiveCfg = Debug|Any CPU
		{0DE55B48-6B42-4798-822A-0593252BE01C}.Debug|Any CPU.Build.0 = Debug|Any CPU
		{0DE55B48-6B42-4798-822A-0593252BE01C}.Release|Any CPU.ActiveCfg = Release|Any CPU
		{0DE55B48-6B42-4798-822A-0593252BE01C}.Release|Any CPU.Build.0 = Release|Any CPU
		{32C3CA1C-D58F-41A5-853D-5EF11A07AC82}.Debug|Any CPU.ActiveCfg = Debug|Any CPU
		{32C3CA1C-D58F-41A5-853D-5EF11A07AC82}.Debug|Any CPU.Build.0 = Debug|Any CPU
		{32C3CA1C-D58F-41A5-853D-5EF11A07AC82}.Release|Any CPU.ActiveCfg = Release|Any CPU
		{32C3CA1C-D58F-41A5-853D-5EF11A07AC82}.Release|Any CPU.Build.0 = Release|Any CPU
		{F63D47B8-9F7F-4E2C-817F-2EC6C3458A15}.Debug|Any CPU.ActiveCfg = Debug|Any CPU
		{F63D47B8-9F7F-4E2C-817F-2EC6C3458A15}.Debug|Any CPU.Build.0 = Debug|Any CPU
		{F63D47B8-9F7F-4E2C-817F-2EC6C3458A15}.Release|Any CPU.ActiveCfg = Release|Any CPU
		{F63D47B8-9F7F-4E2C-817F-2EC6C3458A15}.Release|Any CPU.Build.0 = Release|Any CPU
		{DEE411D4-FE9F-40B9-851D-C54EEF8A736E}.Debug|Any CPU.ActiveCfg = Debug|Any CPU
		{DEE411D4-FE9F-40B9-851D-C54EEF8A736E}.Debug|Any CPU.Build.0 = Debug|Any CPU
		{DEE411D4-FE9F-40B9-851D-C54EEF8A736E}.Release|Any CPU.ActiveCfg = Release|Any CPU
		{DEE411D4-FE9F-40B9-851D-C54EEF8A736E}.Release|Any CPU.Build.0 = Release|Any CPU
		{F608EC51-7F68-4DD6-9705-9FC85C004FC3}.Debug|Any CPU.ActiveCfg = Debug|Any CPU
		{F608EC51-7F68-4DD6-9705-9FC85C004FC3}.Debug|Any CPU.Build.0 = Debug|Any CPU
		{F608EC51-7F68-4DD6-9705-9FC85C004FC3}.Release|Any CPU.ActiveCfg = Release|Any CPU
		{F608EC51-7F68-4DD6-9705-9FC85C004FC3}.Release|Any CPU.Build.0 = Release|Any CPU
		{C69732E9-236A-4C76-ABF1-664E8FD96D61}.Debug|Any CPU.ActiveCfg = Debug|Any CPU
		{C69732E9-236A-4C76-ABF1-664E8FD96D61}.Debug|Any CPU.Build.0 = Debug|Any CPU
		{C69732E9-236A-4C76-ABF1-664E8FD96D61}.Release|Any CPU.ActiveCfg = Release|Any CPU
		{C69732E9-236A-4C76-ABF1-664E8FD96D61}.Release|Any CPU.Build.0 = Release|Any CPU
	EndGlobalSection
	GlobalSection(SolutionProperties) = preSolution
		HideSolutionNode = FALSE
	EndGlobalSection
	GlobalSection(ExtensibilityGlobals) = postSolution
		SolutionGuid = {BCFC04B5-1BDB-47E7-A5AE-A8A86EFA4B63}
	EndGlobalSection
EndGlobal
